
Microsoft Visual Studio Solution File, Format Version 12.00
# Visual Studio Version 17
VisualStudioVersion = 17.0.31903.59
MinimumVisualStudioVersion = 10.0.40219.1
Project("{FAE04EC0-301F-11D3-BF4B-00C04F79EFBC}") = "LocalCommunityBoard.Domain", "LocalCommunityBoard.Domain\LocalCommunityBoard.Domain.csproj", "{91D419B9-33E5-4DC7-8B11-4D676F52A6B3}"
EndProject
Project("{FAE04EC0-301F-11D3-BF4B-00C04F79EFBC}") = "LocalCommunityBoard.Application", "LocalCommunityBoard.Application\LocalCommunityBoard.Application.csproj", "{F4DC178E-3F23-417A-A711-6FA342EDEE96}"
EndProject
Project("{FAE04EC0-301F-11D3-BF4B-00C04F79EFBC}") = "LocalCommunityBoard.Infrastructure", "LocalCommunityBoard.Infrastructure\LocalCommunityBoard.Infrastructure.csproj", "{1118255C-652A-4DC0-B83F-DEB438F03C6B}"
EndProject
Project("{FAE04EC0-301F-11D3-BF4B-00C04F79EFBC}") = "LocalCommunityBoard.WpfUI", "LocalCommunityBoard.WpfUI\LocalCommunityBoard.WpfUI.csproj", "{F998A485-908A-4249-A7A1-32DA04DD8C89}"
EndProject
Global
	GlobalSection(SolutionConfigurationPlatforms) = preSolution
		Debug|Any CPU = Debug|Any CPU
		Debug|x64 = Debug|x64
		Debug|x86 = Debug|x86
		Release|Any CPU = Release|Any CPU
		Release|x64 = Release|x64
		Release|x86 = Release|x86
	EndGlobalSection
	GlobalSection(ProjectConfigurationPlatforms) = postSolution
		{91D419B9-33E5-4DC7-8B11-4D676F52A6B3}.Debug|Any CPU.ActiveCfg = Debug|Any CPU
		{91D419B9-33E5-4DC7-8B11-4D676F52A6B3}.Debug|Any CPU.Build.0 = Debug|Any CPU
		{91D419B9-33E5-4DC7-8B11-4D676F52A6B3}.Debug|x64.ActiveCfg = Debug|Any CPU
		{91D419B9-33E5-4DC7-8B11-4D676F52A6B3}.Debug|x64.Build.0 = Debug|Any CPU
		{91D419B9-33E5-4DC7-8B11-4D676F52A6B3}.Debug|x86.ActiveCfg = Debug|Any CPU
		{91D419B9-33E5-4DC7-8B11-4D676F52A6B3}.Debug|x86.Build.0 = Debug|Any CPU
		{91D419B9-33E5-4DC7-8B11-4D676F52A6B3}.Release|Any CPU.ActiveCfg = Release|Any CPU
		{91D419B9-33E5-4DC7-8B11-4D676F52A6B3}.Release|Any CPU.Build.0 = Release|Any CPU
		{91D419B9-33E5-4DC7-8B11-4D676F52A6B3}.Release|x64.ActiveCfg = Release|Any CPU
		{91D419B9-33E5-4DC7-8B11-4D676F52A6B3}.Release|x64.Build.0 = Release|Any CPU
		{91D419B9-33E5-4DC7-8B11-4D676F52A6B3}.Release|x86.ActiveCfg = Release|Any CPU
		{91D419B9-33E5-4DC7-8B11-4D676F52A6B3}.Release|x86.Build.0 = Release|Any CPU
		{F4DC178E-3F23-417A-A711-6FA342EDEE96}.Debug|Any CPU.ActiveCfg = Debug|Any CPU
		{F4DC178E-3F23-417A-A711-6FA342EDEE96}.Debug|Any CPU.Build.0 = Debug|Any CPU
		{F4DC178E-3F23-417A-A711-6FA342EDEE96}.Debug|x64.ActiveCfg = Debug|Any CPU
		{F4DC178E-3F23-417A-A711-6FA342EDEE96}.Debug|x64.Build.0 = Debug|Any CPU
		{F4DC178E-3F23-417A-A711-6FA342EDEE96}.Debug|x86.ActiveCfg = Debug|Any CPU
		{F4DC178E-3F23-417A-A711-6FA342EDEE96}.Debug|x86.Build.0 = Debug|Any CPU
		{F4DC178E-3F23-417A-A711-6FA342EDEE96}.Release|Any CPU.ActiveCfg = Release|Any CPU
		{F4DC178E-3F23-417A-A711-6FA342EDEE96}.Release|Any CPU.Build.0 = Release|Any CPU
		{F4DC178E-3F23-417A-A711-6FA342EDEE96}.Release|x64.ActiveCfg = Release|Any CPU
		{F4DC178E-3F23-417A-A711-6FA342EDEE96}.Release|x64.Build.0 = Release|Any CPU
		{F4DC178E-3F23-417A-A711-6FA342EDEE96}.Release|x86.ActiveCfg = Release|Any CPU
		{F4DC178E-3F23-417A-A711-6FA342EDEE96}.Release|x86.Build.0 = Release|Any CPU
		{1118255C-652A-4DC0-B83F-DEB438F03C6B}.Debug|Any CPU.ActiveCfg = Debug|Any CPU
		{1118255C-652A-4DC0-B83F-DEB438F03C6B}.Debug|Any CPU.Build.0 = Debug|Any CPU
		{1118255C-652A-4DC0-B83F-DEB438F03C6B}.Debug|x64.ActiveCfg = Debug|Any CPU
		{1118255C-652A-4DC0-B83F-DEB438F03C6B}.Debug|x64.Build.0 = Debug|Any CPU
		{1118255C-652A-4DC0-B83F-DEB438F03C6B}.Debug|x86.ActiveCfg = Debug|Any CPU
		{1118255C-652A-4DC0-B83F-DEB438F03C6B}.Debug|x86.Build.0 = Debug|Any CPU
		{1118255C-652A-4DC0-B83F-DEB438F03C6B}.Release|Any CPU.ActiveCfg = Release|Any CPU
		{1118255C-652A-4DC0-B83F-DEB438F03C6B}.Release|Any CPU.Build.0 = Release|Any CPU
		{1118255C-652A-4DC0-B83F-DEB438F03C6B}.Release|x64.ActiveCfg = Release|Any CPU
		{1118255C-652A-4DC0-B83F-DEB438F03C6B}.Release|x64.Build.0 = Release|Any CPU
		{1118255C-652A-4DC0-B83F-DEB438F03C6B}.Release|x86.ActiveCfg = Release|Any CPU
		{1118255C-652A-4DC0-B83F-DEB438F03C6B}.Release|x86.Build.0 = Release|Any CPU
		{F998A485-908A-4249-A7A1-32DA04DD8C89}.Debug|Any CPU.ActiveCfg = Debug|Any CPU
		{F998A485-908A-4249-A7A1-32DA04DD8C89}.Debug|Any CPU.Build.0 = Debug|Any CPU
		{F998A485-908A-4249-A7A1-32DA04DD8C89}.Debug|x64.ActiveCfg = Debug|Any CPU
		{F998A485-908A-4249-A7A1-32DA04DD8C89}.Debug|x64.Build.0 = Debug|Any CPU
		{F998A485-908A-4249-A7A1-32DA04DD8C89}.Debug|x86.ActiveCfg = Debug|Any CPU
		{F998A485-908A-4249-A7A1-32DA04DD8C89}.Debug|x86.Build.0 = Debug|Any CPU
		{F998A485-908A-4249-A7A1-32DA04DD8C89}.Release|Any CPU.ActiveCfg = Release|Any CPU
		{F998A485-908A-4249-A7A1-32DA04DD8C89}.Release|Any CPU.Build.0 = Release|Any CPU
		{F998A485-908A-4249-A7A1-32DA04DD8C89}.Release|x64.ActiveCfg = Release|Any CPU
		{F998A485-908A-4249-A7A1-32DA04DD8C89}.Release|x64.Build.0 = Release|Any CPU
		{F998A485-908A-4249-A7A1-32DA04DD8C89}.Release|x86.ActiveCfg = Release|Any CPU
		{F998A485-908A-4249-A7A1-32DA04DD8C89}.Release|x86.Build.0 = Release|Any CPU
	EndGlobalSection
	GlobalSection(SolutionProperties) = preSolution
		HideSolutionNode = FALSE
	EndGlobalSection
EndGlobal
