
Microsoft Visual Studio Solution File, Format Version 12.00
# Visual Studio Version 17
VisualStudioVersion = 17.0.31903.59
MinimumVisualStudioVersion = 10.0.40219.1
Project("{2150E333-8FDC-42A3-9474-1A3956D46DE8}") = "src", "src", "{827E0CD3-B72D-47B6-A68D-7590B98EB39B}"
EndProject
Project("{FAE04EC0-301F-11D3-BF4B-00C04F79EFBC}") = "LocalCommunityBoard.Domain", "src\LocalCommunityBoard.Domain\LocalCommunityBoard.Domain.csproj", "{185FF545-7DB5-477E-B9E1-8A324E7F4D7C}"
EndProject
Project("{FAE04EC0-301F-11D3-BF4B-00C04F79EFBC}") = "LocalCommunityBoard.Application", "src\LocalCommunityBoard.Application\LocalCommunityBoard.Application.csproj", "{60A12DD7-A15C-4C49-8FB3-7E76FDF51D51}"
EndProject
Project("{FAE04EC0-301F-11D3-BF4B-00C04F79EFBC}") = "LocalCommunityBoard.Infrastructure", "src\LocalCommunityBoard.Infrastructure\LocalCommunityBoard.Infrastructure.csproj", "{4A3BD97B-7CD3-4108-A3D7-9D630B960645}"
EndProject
Project("{FAE04EC0-301F-11D3-BF4B-00C04F79EFBC}") = "LocalCommunityBoard.WpfUI", "src\LocalCommunityBoard.WpfUI\LocalCommunityBoard.WpfUI.csproj", "{F77102D3-F187-4E29-9DBE-409F5821D714}"
EndProject
Project("{FAE04EC0-301F-11D3-BF4B-00C04F79EFBC}") = "LocalCommunityBoard.Tests", "src\LocalCommunityBoard.Tests\LocalCommunityBoard.Tests.csproj", "{935591E7-EC51-FB15-0D78-E3D5753D19B1}"
EndProject
Global
	GlobalSection(SolutionConfigurationPlatforms) = preSolution
		Debug|Any CPU = Debug|Any CPU
		Debug|x64 = Debug|x64
		Debug|x86 = Debug|x86
		Release|Any CPU = Release|Any CPU
		Release|x64 = Release|x64
		Release|x86 = Release|x86
	EndGlobalSection
	GlobalSection(ProjectConfigurationPlatforms) = postSolution
		{185FF545-7DB5-477E-B9E1-8A324E7F4D7C}.Debug|Any CPU.ActiveCfg = Debug|Any CPU
		{185FF545-7DB5-477E-B9E1-8A324E7F4D7C}.Debug|Any CPU.Build.0 = Debug|Any CPU
		{185FF545-7DB5-477E-B9E1-8A324E7F4D7C}.Debug|x64.ActiveCfg = Debug|Any CPU
		{185FF545-7DB5-477E-B9E1-8A324E7F4D7C}.Debug|x64.Build.0 = Debug|Any CPU
		{185FF545-7DB5-477E-B9E1-8A324E7F4D7C}.Debug|x86.ActiveCfg = Debug|Any CPU
		{185FF545-7DB5-477E-B9E1-8A324E7F4D7C}.Debug|x86.Build.0 = Debug|Any CPU
		{185FF545-7DB5-477E-B9E1-8A324E7F4D7C}.Release|Any CPU.ActiveCfg = Release|Any CPU
		{185FF545-7DB5-477E-B9E1-8A324E7F4D7C}.Release|Any CPU.Build.0 = Release|Any CPU
		{185FF545-7DB5-477E-B9E1-8A324E7F4D7C}.Release|x64.ActiveCfg = Release|Any CPU
		{185FF545-7DB5-477E-B9E1-8A324E7F4D7C}.Release|x64.Build.0 = Release|Any CPU
		{185FF545-7DB5-477E-B9E1-8A324E7F4D7C}.Release|x86.ActiveCfg = Release|Any CPU
		{185FF545-7DB5-477E-B9E1-8A324E7F4D7C}.Release|x86.Build.0 = Release|Any CPU
		{60A12DD7-A15C-4C49-8FB3-7E76FDF51D51}.Debug|Any CPU.ActiveCfg = Debug|Any CPU
		{60A12DD7-A15C-4C49-8FB3-7E76FDF51D51}.Debug|Any CPU.Build.0 = Debug|Any CPU
		{60A12DD7-A15C-4C49-8FB3-7E76FDF51D51}.Debug|x64.ActiveCfg = Debug|Any CPU
		{60A12DD7-A15C-4C49-8FB3-7E76FDF51D51}.Debug|x64.Build.0 = Debug|Any CPU
		{60A12DD7-A15C-4C49-8FB3-7E76FDF51D51}.Debug|x86.ActiveCfg = Debug|Any CPU
		{60A12DD7-A15C-4C49-8FB3-7E76FDF51D51}.Debug|x86.Build.0 = Debug|Any CPU
		{60A12DD7-A15C-4C49-8FB3-7E76FDF51D51}.Release|Any CPU.ActiveCfg = Release|Any CPU
		{60A12DD7-A15C-4C49-8FB3-7E76FDF51D51}.Release|Any CPU.Build.0 = Release|Any CPU
		{60A12DD7-A15C-4C49-8FB3-7E76FDF51D51}.Release|x64.ActiveCfg = Release|Any CPU
		{60A12DD7-A15C-4C49-8FB3-7E76FDF51D51}.Release|x64.Build.0 = Release|Any CPU
		{60A12DD7-A15C-4C49-8FB3-7E76FDF51D51}.Release|x86.ActiveCfg = Release|Any CPU
		{60A12DD7-A15C-4C49-8FB3-7E76FDF51D51}.Release|x86.Build.0 = Release|Any CPU
		{4A3BD97B-7CD3-4108-A3D7-9D630B960645}.Debug|Any CPU.ActiveCfg = Debug|Any CPU
		{4A3BD97B-7CD3-4108-A3D7-9D630B960645}.Debug|Any CPU.Build.0 = Debug|Any CPU
		{4A3BD97B-7CD3-4108-A3D7-9D630B960645}.Debug|x64.ActiveCfg = Debug|Any CPU
		{4A3BD97B-7CD3-4108-A3D7-9D630B960645}.Debug|x64.Build.0 = Debug|Any CPU
		{4A3BD97B-7CD3-4108-A3D7-9D630B960645}.Debug|x86.ActiveCfg = Debug|Any CPU
		{4A3BD97B-7CD3-4108-A3D7-9D630B960645}.Debug|x86.Build.0 = Debug|Any CPU
		{4A3BD97B-7CD3-4108-A3D7-9D630B960645}.Release|Any CPU.ActiveCfg = Release|Any CPU
		{4A3BD97B-7CD3-4108-A3D7-9D630B960645}.Release|Any CPU.Build.0 = Release|Any CPU
		{4A3BD97B-7CD3-4108-A3D7-9D630B960645}.Release|x64.ActiveCfg = Release|Any CPU
		{4A3BD97B-7CD3-4108-A3D7-9D630B960645}.Release|x64.Build.0 = Release|Any CPU
		{4A3BD97B-7CD3-4108-A3D7-9D630B960645}.Release|x86.ActiveCfg = Release|Any CPU
		{4A3BD97B-7CD3-4108-A3D7-9D630B960645}.Release|x86.Build.0 = Release|Any CPU
		{F77102D3-F187-4E29-9DBE-409F5821D714}.Debug|Any CPU.ActiveCfg = Debug|Any CPU
		{F77102D3-F187-4E29-9DBE-409F5821D714}.Debug|Any CPU.Build.0 = Debug|Any CPU
		{F77102D3-F187-4E29-9DBE-409F5821D714}.Debug|x64.ActiveCfg = Debug|Any CPU
		{F77102D3-F187-4E29-9DBE-409F5821D714}.Debug|x64.Build.0 = Debug|Any CPU
		{F77102D3-F187-4E29-9DBE-409F5821D714}.Debug|x86.ActiveCfg = Debug|Any CPU
		{F77102D3-F187-4E29-9DBE-409F5821D714}.Debug|x86.Build.0 = Debug|Any CPU
		{F77102D3-F187-4E29-9DBE-409F5821D714}.Release|Any CPU.ActiveCfg = Release|Any CPU
		{F77102D3-F187-4E29-9DBE-409F5821D714}.Release|Any CPU.Build.0 = Release|Any CPU
		{F77102D3-F187-4E29-9DBE-409F5821D714}.Release|x64.ActiveCfg = Release|Any CPU
		{F77102D3-F187-4E29-9DBE-409F5821D714}.Release|x64.Build.0 = Release|Any CPU
		{F77102D3-F187-4E29-9DBE-409F5821D714}.Release|x86.ActiveCfg = Release|Any CPU
		{F77102D3-F187-4E29-9DBE-409F5821D714}.Release|x86.Build.0 = Release|Any CPU
		{935591E7-EC51-FB15-0D78-E3D5753D19B1}.Debug|Any CPU.ActiveCfg = Debug|Any CPU
		{935591E7-EC51-FB15-0D78-E3D5753D19B1}.Debug|Any CPU.Build.0 = Debug|Any CPU
		{935591E7-EC51-FB15-0D78-E3D5753D19B1}.Debug|x64.ActiveCfg = Debug|Any CPU
		{935591E7-EC51-FB15-0D78-E3D5753D19B1}.Debug|x64.Build.0 = Debug|Any CPU
		{935591E7-EC51-FB15-0D78-E3D5753D19B1}.Debug|x86.ActiveCfg = Debug|Any CPU
		{935591E7-EC51-FB15-0D78-E3D5753D19B1}.Debug|x86.Build.0 = Debug|Any CPU
		{935591E7-EC51-FB15-0D78-E3D5753D19B1}.Release|Any CPU.ActiveCfg = Release|Any CPU
		{935591E7-EC51-FB15-0D78-E3D5753D19B1}.Release|Any CPU.Build.0 = Release|Any CPU
		{935591E7-EC51-FB15-0D78-E3D5753D19B1}.Release|x64.ActiveCfg = Release|Any CPU
		{935591E7-EC51-FB15-0D78-E3D5753D19B1}.Release|x64.Build.0 = Release|Any CPU
		{935591E7-EC51-FB15-0D78-E3D5753D19B1}.Release|x86.ActiveCfg = Release|Any CPU
		{935591E7-EC51-FB15-0D78-E3D5753D19B1}.Release|x86.Build.0 = Release|Any CPU
	EndGlobalSection
	GlobalSection(SolutionProperties) = preSolution
		HideSolutionNode = FALSE
	EndGlobalSection
	GlobalSection(NestedProjects) = preSolution
		{185FF545-7DB5-477E-B9E1-8A324E7F4D7C} = {827E0CD3-B72D-47B6-A68D-7590B98EB39B}
		{60A12DD7-A15C-4C49-8FB3-7E76FDF51D51} = {827E0CD3-B72D-47B6-A68D-7590B98EB39B}
		{4A3BD97B-7CD3-4108-A3D7-9D630B960645} = {827E0CD3-B72D-47B6-A68D-7590B98EB39B}
		{F77102D3-F187-4E29-9DBE-409F5821D714} = {827E0CD3-B72D-47B6-A68D-7590B98EB39B}
		{935591E7-EC51-FB15-0D78-E3D5753D19B1} = {827E0CD3-B72D-47B6-A68D-7590B98EB39B}
	EndGlobalSection
EndGlobal
